{
  "version": 4,
  "terraform_version": "0.12.6",
  "serial": 456,
  "lineage": "ff4a1533-ff0b-5eec-3737-d242f52b1840",
  "outputs": {},
  "resources": [
    {
      "mode": "managed",
      "type": "google_compute_backend_service",
      "name": "rbs",
      "provider": "provider.google",
      "instances": [
        {
          "schema_version": 1,
          "attributes": {
            "affinity_cookie_ttl_sec": 0,
            "backend": [
              {
                "balancing_mode": "UTILIZATION",
                "capacity_scaler": 1,
                "description": "",
                "group": "https://www.googleapis.com/compute/v1/projects/polar-processor-228413/regions/northamerica-northeast1/instanceGroups/apache-rmig",
                "max_connections": null,
                "max_connections_per_endpoint": null,
                "max_connections_per_instance": null,
                "max_rate": null,
                "max_rate_per_endpoint": null,
                "max_rate_per_instance": null,
                "max_utilization": 0.8
              }
            ],
            "cdn_policy": [],
            "connection_draining_timeout_sec": 300,
            "creation_timestamp": "2019-08-19T11:59:46.981-07:00",
            "description": "",
            "enable_cdn": false,
            "fingerprint": "JQ_ne9eSCJw=",
            "health_checks": [
              "https://www.googleapis.com/compute/v1/projects/polar-processor-228413/global/httpHealthChecks/apache-healthcheck"
            ],
            "iap": [],
            "id": "http-backend",
            "load_balancing_scheme": "EXTERNAL",
            "name": "http-backend",
            "port_name": "http",
            "project": "polar-processor-228413",
            "protocol": "HTTP",
            "security_policy": "",
            "self_link": "https://www.googleapis.com/compute/v1/projects/polar-processor-228413/global/backendServices/http-backend",
            "session_affinity": "NONE",
            "timeout_sec": 10,
            "timeouts": null
          },
          "private": "eyJlMmJmYjczMC1lY2FhLTExZTYtOGY4OC0zNDM2M2JjN2M0YzAiOnsiY3JlYXRlIjoyNDAwMDAwMDAwMDAsImRlbGV0ZSI6MjQwMDAwMDAwMDAwLCJ1cGRhdGUiOjI0MDAwMDAwMDAwMH0sInNjaGVtYV92ZXJzaW9uIjoiMSJ9",
          "depends_on": [
            "google_compute_http_health_check.default",
            "google_compute_region_instance_group_manager.rmig"
          ]
        }
      ]
    },
    {
      "mode": "managed",
      "type": "google_compute_firewall",
      "name": "default",
      "provider": "provider.google",
      "instances": [
        {
          "schema_version": 1,
          "attributes": {
            "allow": [
              {
                "ports": [
                  "80",
                  "443"
                ],
                "protocol": "tcp"
              }
            ],
            "creation_timestamp": "2019-08-19T11:59:14.392-07:00",
            "deny": [],
            "description": "",
            "destination_ranges": [],
            "direction": "INGRESS",
            "disabled": false,
            "id": "default-allow-http-https",
            "name": "default-allow-http-https",
            "network": "https://www.googleapis.com/compute/v1/projects/polar-processor-228413/global/networks/default",
            "priority": 1000,
            "project": "polar-processor-228413",
            "self_link": "https://www.googleapis.com/compute/v1/projects/polar-processor-228413/global/firewalls/default-allow-http-https",
            "source_ranges": [
              "0.0.0.0/0"
            ],
            "source_service_accounts": null,
            "source_tags": null,
            "target_service_accounts": null,
            "target_tags": null,
            "timeouts": null
          },
          "private": "eyJlMmJmYjczMC1lY2FhLTExZTYtOGY4OC0zNDM2M2JjN2M0YzAiOnsiY3JlYXRlIjoyNDAwMDAwMDAwMDAsImRlbGV0ZSI6MjQwMDAwMDAwMDAwLCJ1cGRhdGUiOjI0MDAwMDAwMDAwMH0sInNjaGVtYV92ZXJzaW9uIjoiMSJ9"
        }
      ]
    },
    {
      "mode": "managed",
      "type": "google_compute_global_forwarding_rule",
      "name": "gfr",
      "provider": "provider.google",
      "instances": [
        {
          "schema_version": 0,
          "attributes": {
            "description": "",
            "id": "website-forwarding-rule",
            "ip_address": "34.96.104.239",
            "ip_protocol": "TCP",
            "ip_version": "",
            "load_balancing_scheme": "EXTERNAL",
            "name": "website-forwarding-rule",
            "port_range": "80-80",
            "project": "polar-processor-228413",
            "self_link": "https://www.googleapis.com/compute/v1/projects/polar-processor-228413/global/forwardingRules/website-forwarding-rule",
            "target": "https://www.googleapis.com/compute/v1/projects/polar-processor-228413/global/targetHttpProxies/http-proxy",
            "timeouts": null
          },
          "private": "eyJlMmJmYjczMC1lY2FhLTExZTYtOGY4OC0zNDM2M2JjN2M0YzAiOnsiY3JlYXRlIjoyNDAwMDAwMDAwMDAsImRlbGV0ZSI6MjQwMDAwMDAwMDAwLCJ1cGRhdGUiOjI0MDAwMDAwMDAwMH19",
          "depends_on": [
            "google_compute_target_http_proxy.thp"
          ]
        }
      ]
    },
    {
      "mode": "managed",
      "type": "google_compute_health_check",
      "name": "default",
      "provider": "provider.google",
      "instances": [
        {
          "schema_version": 0,
          "attributes": {
            "check_interval_sec": 1,
            "creation_timestamp": "2019-08-19T11:59:14.261-07:00",
            "description": "",
            "healthy_threshold": 2,
            "http_health_check": [],
            "https_health_check": [],
            "id": "apache-healthcheck",
            "name": "apache-healthcheck",
            "project": "polar-processor-228413",
            "self_link": "https://www.googleapis.com/compute/v1/projects/polar-processor-228413/global/healthChecks/apache-healthcheck",
            "ssl_health_check": [],
            "tcp_health_check": [
              {
                "port": 80,
                "port_name": "",
                "port_specification": "",
                "proxy_header": "NONE",
                "request": "",
                "response": ""
              }
            ],
            "timeout_sec": 1,
            "timeouts": null,
            "type": "TCP",
            "unhealthy_threshold": 2
          },
          "private": "eyJlMmJmYjczMC1lY2FhLTExZTYtOGY4OC0zNDM2M2JjN2M0YzAiOnsiY3JlYXRlIjoyNDAwMDAwMDAwMDAsImRlbGV0ZSI6MjQwMDAwMDAwMDAwLCJ1cGRhdGUiOjI0MDAwMDAwMDAwMH19"
        }
      ]
    },
    {
      "mode": "managed",
      "type": "google_compute_http_health_check",
      "name": "default",
      "provider": "provider.google",
      "instances": [
        {
          "schema_version": 0,
          "attributes": {
            "check_interval_sec": 1,
            "creation_timestamp": "2019-08-19T11:59:14.281-07:00",
            "description": "",
            "healthy_threshold": 2,
            "host": "",
            "id": "apache-healthcheck",
            "name": "apache-healthcheck",
            "port": 80,
            "project": "polar-processor-228413",
            "request_path": "/",
            "self_link": "https://www.googleapis.com/compute/v1/projects/polar-processor-228413/global/httpHealthChecks/apache-healthcheck",
            "timeout_sec": 1,
            "timeouts": null,
            "unhealthy_threshold": 2
          },
          "private": "eyJlMmJmYjczMC1lY2FhLTExZTYtOGY4OC0zNDM2M2JjN2M0YzAiOnsiY3JlYXRlIjoyNDAwMDAwMDAwMDAsImRlbGV0ZSI6MjQwMDAwMDAwMDAwLCJ1cGRhdGUiOjI0MDAwMDAwMDAwMH19"
        }
      ]
    },
    {
      "mode": "managed",
      "type": "google_compute_instance_template",
      "name": "cit",
      "provider": "provider.google",
      "instances": [
        {
          "schema_version": 1,
          "attributes": {
            "automatic_restart": null,
            "can_ip_forward": false,
            "description": "This template is used to create Apache server instances.",
            "disk": [
              {
                "auto_delete": true,
                "boot": true,
                "device_name": "persistent-disk-0",
                "disk_encryption_key": [],
                "disk_name": "",
                "disk_size_gb": 0,
                "disk_type": "pd-standard",
                "interface": "SCSI",
                "labels": null,
                "mode": "READ_WRITE",
                "source": "",
                "source_image": "projects/polar-processor-228413/global/images/pubkeysudobottom",
                "type": "PERSISTENT"
              }
            ],
            "guest_accelerator": [],
            "id": "apache-20190819185913924600000001",
            "instance_description": "Apache Web server instance",
            "labels": null,
            "machine_type": "n1-standard-2",
            "metadata": {
              "startup-script": "    INT_IP=\"$(ip route get 8.8.8.8 | awk '{print $NF; exit}')\"\n    EXT_IP=\"$(curl -s ipinfo.io/ip)\"\n    sudo cat \u003c\u003cEOF \u003e /var/www/html/index.html\n    \u003chtml\u003e\n    \u003cbody\u003e\n    \u003ctitle\u003eApache Server - $(hostname)\u003c/title\u003e\n    \u003cimg src=\"https://cloud.google.com/_static/9abbcf9aa7/images/cloud/gcp-logo.svg\" alt=\"Google Cloud\" height=\"51\" width=\"400\"\u003e\u003cbr\u003e\u003cbr\u003e\n    \u003cimg src=\"https://www.datocms-assets.com/2885/1506457192-blog-packer-list.svg\" alt=\"Packer\" height=\"100\" width=\"100\"\u003e\n    \u003cimg src=\"https://www.datocms-assets.com/2885/1506457071-blog-terraform-list.svg\" alt=\"Terraform\" height=\"100\" width=\"100\"\u003e\n    \u003cimg src=\"https://blog-en.openalfa.com/iconos/logos/apache_httpd.jpg\" alt=\"Apache\" height=\"100\" width=\"100\"\u003e\n    \u003cp\u003e\u003cb\u003eHostname:\u003c/b\u003e $(hostname)\u003cbr\u003e\u003cb\u003eInternal IP:\u003c/b\u003e $INT_IP\u003cbr\u003e\u003cb\u003eExternal IP:\u003c/b\u003e $EXT_IP\u003c/p\u003e\n    \u003cp\u003eA \u003cb\u003ePacker\u003c/b\u003e built, \u003cb\u003eTerraform\u003c/b\u003e deployed, \u003cb\u003eGCP\u003c/b\u003e Auto Scalling, Managed Instance Group with Load Balancer serving \u003cb\u003eApache Web Server\u003c/b\u003e\u003c/p\u003e\n    \u003c/body\u003e\n    \u003c/html\u003e\n"
            },
            "metadata_fingerprint": "w8BmdNa-Anc=",
            "metadata_startup_script": null,
            "min_cpu_platform": "",
            "name": "apache-20190819185913924600000001",
            "name_prefix": "apache-",
            "network_interface": [
              {
                "access_config": [
                  {
                    "assigned_nat_ip": "",
                    "nat_ip": "",
                    "network_tier": "PREMIUM"
                  }
                ],
                "address": "",
                "alias_ip_range": [],
                "network": "https://www.googleapis.com/compute/v1/projects/polar-processor-228413/global/networks/default",
                "network_ip": "",
                "subnetwork": "",
                "subnetwork_project": ""
              }
            ],
            "on_host_maintenance": null,
            "project": "polar-processor-228413",
            "region": "northamerica-northeast1",
            "scheduling": [
              {
                "automatic_restart": true,
                "node_affinities": [],
                "on_host_maintenance": "MIGRATE",
                "preemptible": false
              }
            ],
            "self_link": "https://www.googleapis.com/compute/beta/projects/polar-processor-228413/global/instanceTemplates/apache-20190819185913924600000001",
            "service_account": [
              {
                "email": "default",
                "scopes": [
                  "https://www.googleapis.com/auth/compute.readonly",
                  "https://www.googleapis.com/auth/devstorage.read_only",
                  "https://www.googleapis.com/auth/userinfo.email"
                ]
              }
            ],
            "shielded_instance_config": [],
            "tags": [
              "nodeports",
              "webserver"
            ],
            "tags_fingerprint": ""
          },
          "private": "eyJzY2hlbWFfdmVyc2lvbiI6IjEifQ=="
        }
      ]
    },
    {
      "mode": "managed",
      "type": "google_compute_region_instance_group_manager",
      "name": "rmig",
      "provider": "provider.google",
      "instances": [
        {
          "schema_version": 0,
          "attributes": {
            "auto_healing_policies": [],
            "base_instance_name": "apache",
            "description": "",
            "distribution_policy_zones": [
              "northamerica-northeast1-a",
              "northamerica-northeast1-b",
              "northamerica-northeast1-c"
            ],
            "fingerprint": "nVZ24yQDNfk=",
            "id": "polar-processor-228413/northamerica-northeast1/apache-rmig",
            "instance_group": "https://www.googleapis.com/compute/v1/projects/polar-processor-228413/regions/northamerica-northeast1/instanceGroups/apache-rmig",
            "instance_template": "https://www.googleapis.com/compute/v1/projects/polar-processor-228413/global/instanceTemplates/apache-20190819185913924600000001",
            "name": "apache-rmig",
            "named_port": [
              {
                "name": "http",
                "port": 80
              },
              {
                "name": "https",
                "port": 443
              }
            ],
            "project": "polar-processor-228413",
            "region": "northamerica-northeast1",
            "rolling_update_policy": [],
            "self_link": "https://www.googleapis.com/compute/v1/projects/polar-processor-228413/regions/northamerica-northeast1/instanceGroupManagers/apache-rmig",
            "target_pools": null,
            "target_size": 2,
            "timeouts": null,
            "update_strategy": null,
            "version": [],
            "wait_for_instances": false
          },
          "private": "eyJlMmJmYjczMC1lY2FhLTExZTYtOGY4OC0zNDM2M2JjN2M0YzAiOnsiY3JlYXRlIjozMDAwMDAwMDAwMDAsImRlbGV0ZSI6OTAwMDAwMDAwMDAwLCJ1cGRhdGUiOjMwMDAwMDAwMDAwMH19",
          "depends_on": [
            "google_compute_instance_template.cit"
          ]
        }
      ]
    },
    {
      "mode": "managed",
      "type": "google_compute_target_http_proxy",
      "name": "thp",
      "provider": "provider.google",
      "instances": [
        {
          "schema_version": 0,
          "attributes": {
            "creation_timestamp": "2019-08-19T11:59:58.123-07:00",
            "description": "",
            "id": "http-proxy",
            "name": "http-proxy",
            "project": "polar-processor-228413",
            "proxy_id": 4398164088047750977,
            "self_link": "https://www.googleapis.com/compute/v1/projects/polar-processor-228413/global/targetHttpProxies/http-proxy",
            "timeouts": null,
            "url_map": "https://www.googleapis.com/compute/v1/projects/polar-processor-228413/global/urlMaps/http-lb-url-map"
          },
          "private": "eyJlMmJmYjczMC1lY2FhLTExZTYtOGY4OC0zNDM2M2JjN2M0YzAiOnsiY3JlYXRlIjoyNDAwMDAwMDAwMDAsImRlbGV0ZSI6MjQwMDAwMDAwMDAwLCJ1cGRhdGUiOjI0MDAwMDAwMDAwMH19",
          "depends_on": [
            "google_compute_url_map.urlmap"
          ]
        }
      ]
    },
    {
      "mode": "managed",
      "type": "google_compute_url_map",
      "name": "urlmap",
      "provider": "provider.google",
      "instances": [
        {
          "schema_version": 0,
          "attributes": {
            "creation_timestamp": "2019-08-19T11:59:54.591-07:00",
            "default_service": "https://www.googleapis.com/compute/v1/projects/polar-processor-228413/global/backendServices/http-backend",
            "description": "",
            "fingerprint": "isw2MJPkzfw=",
            "host_rule": [],
            "id": "http-lb-url-map",
            "map_id": 463027872206376773,
            "name": "http-lb-url-map",
            "path_matcher": [],
            "project": "polar-processor-228413",
            "self_link": "https://www.googleapis.com/compute/v1/projects/polar-processor-228413/global/urlMaps/http-lb-url-map",
            "test": [],
            "timeouts": null
          },
          "private": "eyJlMmJmYjczMC1lY2FhLTExZTYtOGY4OC0zNDM2M2JjN2M0YzAiOnsiY3JlYXRlIjoyNDAwMDAwMDAwMDAsImRlbGV0ZSI6MjQwMDAwMDAwMDAwLCJ1cGRhdGUiOjI0MDAwMDAwMDAwMH19",
          "depends_on": [
            "google_compute_backend_service.rbs"
          ]
        }
      ]
    }
  ]
}
